{
  "originHash" : "7df3d4d54c7c721c233e26156517ced8861ef3ab636ce52a7e5101756d4b2f84",
  "pins" : [
    {
      "identity" : "apus",
      "kind" : "remoteSourceControl",
      "location" : "https://github.com/tomasf/Apus.git",
      "state" : {
        "revision" : "7094e92897a4630375d46c9d2cc7d9408f7b7abe",
        "version" : "0.1.2"
      }
    },
    {
      "identity" : "cadova",
      "kind" : "remoteSourceControl",
      "location" : "https://github.com/tomasf/Cadova.git",
      "state" : {
        "revision" : "b09c9140903ade4b1a2497d8143a09b2e8555b03",
        "version" : "0.5.0"
      }
    },
    {
      "identity" : "manifold-swift",
      "kind" : "remoteSourceControl",
      "location" : "https://github.com/tomasf/manifold-swift.git",
      "state" : {
        "revision" : "872143db47a8c083dd56003dad5de653a71828db",
        "version" : "0.4.0"
      }
    },
    {
      "identity" : "nodal",
      "kind" : "remoteSourceControl",
      "location" : "https://github.com/tomasf/Nodal.git",
      "state" : {
        "revision" : "275b8efd1d36d45154759a19e8cad709c2a36c64",
        "version" : "0.3.3"
      }
    },
    {
      "identity" : "pelagos",
      "kind" : "remoteSourceControl",
      "location" : "https://github.com/tomasf/Pelagos.git",
      "state" : {
        "revision" : "f57fe64f4efa0f07fb6cd91da2fdffae81f7eabc",
        "version" : "0.1.2"
      }
    },
    {
      "identity" : "threemf",
      "kind" : "remoteSourceControl",
      "location" : "https://github.com/tomasf/ThreeMF.git",
      "state" : {
        "revision" : "a7b65b1c8960602f4bc954bfc334b98c6a5e9099",
        "version" : "0.2.0"
      }
    },
    {
      "identity" : "zip",
      "kind" : "remoteSourceControl",
      "location" : "https://github.com/tomasf/Zip.git",
      "state" : {
        "revision" : "4f0d993ea822c313acbe6be8b0d40e7cb5e3a217",
        "version" : "2.1.0"
      }
    }
  ],
  "version" : 3
}
