{
  "originHash" : "2320d72959d99b17287f967878fb6a5401737fb8bb45b54f9107997c0169418d",
  "pins" : [
    {
      "identity" : "findfont",
      "kind" : "remoteSourceControl",
      "location" : "https://github.com/tomasf/FindFont.git",
      "state" : {
        "revision" : "b9b687abad56844597f4e42c5da8f7d0ef9f80d5",
        "version" : "1.0.0"
      }
    },
    {
      "identity" : "freetype-spm",
      "kind" : "remoteSourceControl",
      "location" : "https://github.com/tomasf/freetype-spm.git",
      "state" : {
        "branch" : "main",
        "revision" : "b308b09b9d21215c522a73a38f670b7aca24843e"
      }
    },
    {
      "identity" : "manifold-swift",
      "kind" : "remoteSourceControl",
      "location" : "https://github.com/tomasf/manifold-swift.git",
      "state" : {
        "branch" : "dev",
        "revision" : "9920bca8732c454126570272793dc5e0643200b4"
      }
    },
    {
      "identity" : "nodal",
      "kind" : "remoteSourceControl",
      "location" : "https://github.com/tomasf/Nodal.git",
      "state" : {
        "revision" : "763efeebe6bf1c26958dcbb29661a9af45cced52",
        "version" : "0.3.1"
      }
    },
    {
      "identity" : "swift-collections",
      "kind" : "remoteSourceControl",
      "location" : "https://github.com/apple/swift-collections.git",
      "state" : {
        "revision" : "c1805596154bb3a265fd91b8ac0c4433b4348fb0",
        "version" : "1.2.0"
      }
    },
    {
      "identity" : "swift-log",
      "kind" : "remoteSourceControl",
      "location" : "https://github.com/apple/swift-log.git",
      "state" : {
        "revision" : "3d8596ed08bd13520157f0355e35caed215ffbfa",
        "version" : "1.6.3"
      }
    },
    {
      "identity" : "threemf",
      "kind" : "remoteSourceControl",
      "location" : "https://github.com/tomasf/ThreeMF.git",
      "state" : {
        "branch" : "main",
        "revision" : "f4cc160e736bb414acdabb5d148dac0f8f8598e1"
      }
    },
    {
      "identity" : "zip",
      "kind" : "remoteSourceControl",
      "location" : "https://github.com/tomasf/Zip.git",
      "state" : {
        "revision" : "1ec6920a2b954d505db0d9fe06f1b83d003513dc",
        "version" : "2.0.1"
      }
    }
  ],
  "version" : 3
}
